PODS:
  - GoogleDataTransport (9.1.2):
    - GoogleUtilities/Environment (~> 7.2)
    - nanopb (~> 2.30908.0)
    - PromisesObjC (< 3.0, >= 1.2)
  - GoogleMLKit/ImageLabelingCustom (2.4.0):
    - GoogleMLKit/MLKitCore
    - MLKitImageLabelingCustom (~> 1.4.0)
  - GoogleMLKit/MLKitCore (2.4.0):
    - MLKitCommon (~> 4.0.0)
  - GoogleMLKit/ObjectDetectionCustom (2.4.0):
    - GoogleMLKit/MLKitCore
    - MLKitObjectDetectionCustom (~> 1.4.0)
  - GoogleMLKit/TextRecognition (2.4.0):
    - GoogleMLKit/MLKitCore
    - MLKitTextRecognition (~> 1.4.0-beta2)
  - GoogleToolboxForMac/DebugUtils (2.3.2):
    - GoogleToolboxForMac/Defines (= 2.3.2)
  - GoogleToolboxForMac/Defines (2.3.2)
  - GoogleToolboxForMac/Logger (2.3.2):
    - GoogleToolboxForMac/Defines (= 2.3.2)
  - "GoogleToolboxForMac/NSData+zlib (2.3.2)":
    - GoogleToolboxForMac/Defines (= 2.3.2)
  - "GoogleToolboxForMac/NSDictionary+URLArguments (2.3.2)":
    - GoogleToolboxForMac/DebugUtils (= 2.3.2)
    - GoogleToolboxForMac/Defines (= 2.3.2)
    - "GoogleToolboxForMac/NSString+URLArguments (= 2.3.2)"
  - "GoogleToolboxForMac/NSString+URLArguments (2.3.2)"
  - GoogleUtilities/Environment (7.6.0):
    - PromisesObjC (< 3.0, >= 1.2)
  - GoogleUtilities/Logger (7.6.0):
    - GoogleUtilities/Environment
  - GoogleUtilities/UserDefaults (7.6.0):
    - GoogleUtilities/Logger
  - GoogleUtilitiesComponents (1.0.0):
    - GoogleUtilities/Logger
  - GTMSessionFetcher/Core (1.7.0)
  - MLImage (1.0.0-beta1)
  - MLKitCommon (4.0.0):
    - GoogleDataTransport (~> 9.0)
    - GoogleToolboxForMac/Logger (~> 2.1)
    - "GoogleToolboxForMac/NSData+zlib (~> 2.1)"
    - "GoogleToolboxForMac/NSDictionary+URLArguments (~> 2.1)"
    - GoogleUtilities/UserDefaults (~> 7.0)
    - GoogleUtilitiesComponents (~> 1.0)
    - GTMSessionFetcher/Core (~> 1.1)
    - Protobuf (~> 3.12)
  - MLKitImageLabelingCommon (2.0.0):
    - MLKitCommon (~> 4.0)
    - MLKitVision (~> 2.0)
  - MLKitImageLabelingCustom (1.4.0):
    - MLKitCommon (~> 4.0)
    - MLKitImageLabelingCommon (~> 2.0)
    - MLKitVision (~> 2.0)
    - MLKitVisionKit (~> 3.0)
  - MLKitObjectDetectionCommon (2.0.0):
    - MLKitCommon (~> 4.0)
    - MLKitVision (~> 2.0)
  - MLKitObjectDetectionCustom (1.4.0):
    - MLKitCommon (~> 4.0)
    - MLKitObjectDetectionCommon (~> 2.0)
    - MLKitVision (~> 2.0)
    - MLKitVisionKit (~> 3.0)
  - MLKitTextRecognition (1.4.0-beta2):
    - MLKitCommon (~> 4.0)
    - MLKitTextRecognitionCommon (= 1.0.0-beta2)
    - MLKitVision (~> 2.0)
  - MLKitTextRecognitionCommon (1.0.0-beta2):
    - MLKitCommon (~> 4.0)
    - MLKitVision (~> 2.0)
  - MLKitVision (2.0.0):
    - GoogleToolboxForMac/Logger (~> 2.1)
    - "GoogleToolboxForMac/NSData+zlib (~> 2.1)"
    - GTMSessionFetcher/Core (~> 1.1)
    - MLImage (= 1.0.0-beta1)
    - MLKitCommon (~> 4.0)
    - Protobuf (~> 3.12)
  - MLKitVisionKit (3.0.0):
    - MLKitCommon (~> 4.0)
    - MLKitImageLabelingCommon (~> 2.0)
    - MLKitObjectDetectionCommon (~> 2.0)
    - MLKitVision (~> 2.0)
  - nanopb (2.30908.0):
    - nanopb/decode (= 2.30908.0)
    - nanopb/encode (= 2.30908.0)
  - nanopb/decode (2.30908.0)
  - nanopb/encode (2.30908.0)
  - PrescreeniOS (2.2.2):
    - GoogleMLKit/ImageLabelingCustom (>= 2.3)
    - GoogleMLKit/ObjectDetectionCustom (>= 2.3)
    - GoogleMLKit/TextRecognition (>= 2.3)
  - PromisesObjC (2.0.0)
  - Protobuf (3.19.1)

DEPENDENCIES:
  - PrescreeniOS (= 2.2.2)

SPEC REPOS:
  trunk:
    - GoogleDataTransport
    - GoogleMLKit
    - GoogleToolboxForMac
    - GoogleUtilities
    - GoogleUtilitiesComponents
    - GTMSessionFetcher
    - MLImage
    - MLKitCommon
    - MLKitImageLabelingCommon
    - MLKitImageLabelingCustom
    - MLKitObjectDetectionCommon
    - MLKitObjectDetectionCustom
    - MLKitTextRecognition
    - MLKitTextRecognitionCommon
    - MLKitVision
    - MLKitVisionKit
    - nanopb
    - PrescreeniOS
    - PromisesObjC
    - Protobuf

SPEC CHECKSUMS:
  GoogleDataTransport: 629c20a4d363167143f30ea78320d5a7eb8bd940
  GoogleMLKit: db5007bddb78dedf52b60f4038d32e7bd006b519
  GoogleToolboxForMac: 8bef7c7c5cf7291c687cf5354f39f9db6399ad34
  GoogleUtilities: 684ee790a24f73ebb2d1d966e9711c203f2a4237
  GoogleUtilitiesComponents: a69c0b3b369ba443e988141e75ef49d9010b1c80
  GTMSessionFetcher: 43748f93435c2aa068b1cbe39655aaf600652e91
  MLImage: 647f3d580c10b3c9a3f6154f5d7baead60c42a0c
  MLKitCommon: 923bcf261636f36af5fbf329b1643ea3cd69468b
  MLKitImageLabelingCommon: de04cc0c42e32e6ab95de1ed28197e1967d1cc6a
  MLKitImageLabelingCustom: 955fdf533fc62bca20009fd73597e256e7661aa3
  MLKitObjectDetectionCommon: bf21d65ff3ad05fe11164b4c4e4dfd1f5cca84b7
  MLKitObjectDetectionCustom: b612e2e1b6dc0a5d88356479f7fb77562e470e3a
  MLKitTextRecognition: 42eecbc7d269d3c6a2d5ff8f3d55f55c1a30932c
  MLKitTextRecognitionCommon: 1028c20111848c08c82deba94a09ac352725c865
  MLKitVision: 53b8f93a864c8d9740f7f09041911f2e64150ec8
  MLKitVisionKit: 01b691332ab14e60b39560bab955932c7303b76f
  nanopb: a0ba3315591a9ae0a16a309ee504766e90db0c96
  PrescreeniOS: fee8b7aa9e75197b0f5aa0d04ba105a93c73d9d5
  PromisesObjC: 68159ce6952d93e17b2dfe273b8c40907db5ba58
  Protobuf: 3724efa50cb2846d7ccebc8691c574e85fd74471

PODFILE CHECKSUM: 57dd9aeaf52dab9c9f3df06fe4c427daffd8520a

COCOAPODS: 1.11.2
